
Microsoft Visual Studio Solution File, Format Version 12.00
# Visual Studio 15
VisualStudioVersion = 15.0.27428.2043
MinimumVisualStudioVersion = 10.0.40219.1
Project("{8BC9CEB8-8B4A-11D0-8D11-00A0C91BC942}") = "sample", "polinom\polinom.vcxproj", "{B5D043DC-DFA2-4373-BFEA-FDA3370258D8}"
	ProjectSection(ProjectDependencies) = postProject
		{B2407A2C-E2A1-48A1-83A3-18113BD55E4E} = {B2407A2C-E2A1-48A1-83A3-18113BD55E4E}
	EndProjectSection
EndProject
Project("{8BC9CEB8-8B4A-11D0-8D11-00A0C91BC942}") = "gtest", "gtest\gtest.vcxproj", "{70A5C4F5-0802-492F-BDE0-2C6A9EF9DE65}"
EndProject
Project("{8BC9CEB8-8B4A-11D0-8D11-00A0C91BC942}") = "polinom_lib", "polinom_lib\polinom_lib.vcxproj", "{B2407A2C-E2A1-48A1-83A3-18113BD55E4E}"
EndProject
Project("{8BC9CEB8-8B4A-11D0-8D11-00A0C91BC942}") = "polinom_test", "polinom_test\polinom_test.vcxproj", "{51DF6399-E7AA-4B2D-989B-5965A5AC84D6}"
	ProjectSection(ProjectDependencies) = postProject
		{B2407A2C-E2A1-48A1-83A3-18113BD55E4E} = {B2407A2C-E2A1-48A1-83A3-18113BD55E4E}
		{70A5C4F5-0802-492F-BDE0-2C6A9EF9DE65} = {70A5C4F5-0802-492F-BDE0-2C6A9EF9DE65}
	EndProjectSection
EndProject
Global
	GlobalSection(SolutionConfigurationPlatforms) = preSolution
		Debug|x64 = Debug|x64
		Debug|x86 = Debug|x86
		Release|x64 = Release|x64
		Release|x86 = Release|x86
	EndGlobalSection
	GlobalSection(ProjectConfigurationPlatforms) = postSolution
		{B5D043DC-DFA2-4373-BFEA-FDA3370258D8}.Debug|x64.ActiveCfg = Debug|x64
		{B5D043DC-DFA2-4373-BFEA-FDA3370258D8}.Debug|x64.Build.0 = Debug|x64
		{B5D043DC-DFA2-4373-BFEA-FDA3370258D8}.Debug|x86.ActiveCfg = Debug|Win32
		{B5D043DC-DFA2-4373-BFEA-FDA3370258D8}.Debug|x86.Build.0 = Debug|Win32
		{B5D043DC-DFA2-4373-BFEA-FDA3370258D8}.Release|x64.ActiveCfg = Release|x64
		{B5D043DC-DFA2-4373-BFEA-FDA3370258D8}.Release|x64.Build.0 = Release|x64
		{B5D043DC-DFA2-4373-BFEA-FDA3370258D8}.Release|x86.ActiveCfg = Release|Win32
		{B5D043DC-DFA2-4373-BFEA-FDA3370258D8}.Release|x86.Build.0 = Release|Win32
		{70A5C4F5-0802-492F-BDE0-2C6A9EF9DE65}.Debug|x64.ActiveCfg = Debug|x64
		{70A5C4F5-0802-492F-BDE0-2C6A9EF9DE65}.Debug|x64.Build.0 = Debug|x64
		{70A5C4F5-0802-492F-BDE0-2C6A9EF9DE65}.Debug|x86.ActiveCfg = Debug|Win32
		{70A5C4F5-0802-492F-BDE0-2C6A9EF9DE65}.Debug|x86.Build.0 = Debug|Win32
		{70A5C4F5-0802-492F-BDE0-2C6A9EF9DE65}.Release|x64.ActiveCfg = Release|x64
		{70A5C4F5-0802-492F-BDE0-2C6A9EF9DE65}.Release|x64.Build.0 = Release|x64
		{70A5C4F5-0802-492F-BDE0-2C6A9EF9DE65}.Release|x86.ActiveCfg = Release|Win32
		{70A5C4F5-0802-492F-BDE0-2C6A9EF9DE65}.Release|x86.Build.0 = Release|Win32
		{B2407A2C-E2A1-48A1-83A3-18113BD55E4E}.Debug|x64.ActiveCfg = Debug|x64
		{B2407A2C-E2A1-48A1-83A3-18113BD55E4E}.Debug|x64.Build.0 = Debug|x64
		{B2407A2C-E2A1-48A1-83A3-18113BD55E4E}.Debug|x86.ActiveCfg = Debug|Win32
		{B2407A2C-E2A1-48A1-83A3-18113BD55E4E}.Debug|x86.Build.0 = Debug|Win32
		{B2407A2C-E2A1-48A1-83A3-18113BD55E4E}.Release|x64.ActiveCfg = Release|x64
		{B2407A2C-E2A1-48A1-83A3-18113BD55E4E}.Release|x64.Build.0 = Release|x64
		{B2407A2C-E2A1-48A1-83A3-18113BD55E4E}.Release|x86.ActiveCfg = Release|Win32
		{B2407A2C-E2A1-48A1-83A3-18113BD55E4E}.Release|x86.Build.0 = Release|Win32
		{51DF6399-E7AA-4B2D-989B-5965A5AC84D6}.Debug|x64.ActiveCfg = Debug|x64
		{51DF6399-E7AA-4B2D-989B-5965A5AC84D6}.Debug|x64.Build.0 = Debug|x64
		{51DF6399-E7AA-4B2D-989B-5965A5AC84D6}.Debug|x86.ActiveCfg = Debug|Win32
		{51DF6399-E7AA-4B2D-989B-5965A5AC84D6}.Debug|x86.Build.0 = Debug|Win32
		{51DF6399-E7AA-4B2D-989B-5965A5AC84D6}.Release|x64.ActiveCfg = Release|x64
		{51DF6399-E7AA-4B2D-989B-5965A5AC84D6}.Release|x64.Build.0 = Release|x64
		{51DF6399-E7AA-4B2D-989B-5965A5AC84D6}.Release|x86.ActiveCfg = Release|Win32
		{51DF6399-E7AA-4B2D-989B-5965A5AC84D6}.Release|x86.Build.0 = Release|Win32
	EndGlobalSection
	GlobalSection(SolutionProperties) = preSolution
		HideSolutionNode = FALSE
	EndGlobalSection
	GlobalSection(ExtensibilityGlobals) = postSolution
		SolutionGuid = {5F2E5FA6-465D-4224-8EF6-CA562633A2D1}
	EndGlobalSection
EndGlobal
