
Microsoft Visual Studio Solution File, Format Version 12.00
# Visual Studio 15
VisualStudioVersion = 15.0.27703.2000
MinimumVisualStudioVersion = 10.0.40219.1
Project("{8BC9CEB8-8B4A-11D0-8D11-00A0C91BC942}") = "gtest", "gtest\gtest.vcxproj", "{B610DBE1-84E4-45B8-864E-F6E91D95A7E2}"
EndProject
Project("{8BC9CEB8-8B4A-11D0-8D11-00A0C91BC942}") = "sample", "sample\sample.vcxproj", "{F9060EED-EEC0-4DDD-AB63-89EC8EF66006}"
	ProjectSection(ProjectDependencies) = postProject
		{F2685559-3735-490F-A947-AC9E6F75FFC1} = {F2685559-3735-490F-A947-AC9E6F75FFC1}
		{6266FA93-039A-45A5-85A4-8F43C7E05FA2} = {6266FA93-039A-45A5-85A4-8F43C7E05FA2}
	EndProjectSection
EndProject
Project("{8BC9CEB8-8B4A-11D0-8D11-00A0C91BC942}") = "polinom_lib", "polinom_lib\polinom_lib.vcxproj", "{6266FA93-039A-45A5-85A4-8F43C7E05FA2}"
EndProject
Project("{8BC9CEB8-8B4A-11D0-8D11-00A0C91BC942}") = "tests", "tests\tests.vcxproj", "{6A4E2794-CB14-47E0-88D2-408A41741EA1}"
	ProjectSection(ProjectDependencies) = postProject
		{F2685559-3735-490F-A947-AC9E6F75FFC1} = {F2685559-3735-490F-A947-AC9E6F75FFC1}
		{6266FA93-039A-45A5-85A4-8F43C7E05FA2} = {6266FA93-039A-45A5-85A4-8F43C7E05FA2}
		{B610DBE1-84E4-45B8-864E-F6E91D95A7E2} = {B610DBE1-84E4-45B8-864E-F6E91D95A7E2}
	EndProjectSection
EndProject
Project("{8BC9CEB8-8B4A-11D0-8D11-00A0C91BC942}") = "table_lib", "table_lib\table_lib.vcxproj", "{F2685559-3735-490F-A947-AC9E6F75FFC1}"
EndProject
Global
	GlobalSection(SolutionConfigurationPlatforms) = preSolution
		Debug|x64 = Debug|x64
		Debug|x86 = Debug|x86
		Release|x64 = Release|x64
		Release|x86 = Release|x86
	EndGlobalSection
	GlobalSection(ProjectConfigurationPlatforms) = postSolution
		{B610DBE1-84E4-45B8-864E-F6E91D95A7E2}.Debug|x64.ActiveCfg = Debug|x64
		{B610DBE1-84E4-45B8-864E-F6E91D95A7E2}.Debug|x64.Build.0 = Debug|x64
		{B610DBE1-84E4-45B8-864E-F6E91D95A7E2}.Debug|x86.ActiveCfg = Debug|Win32
		{B610DBE1-84E4-45B8-864E-F6E91D95A7E2}.Debug|x86.Build.0 = Debug|Win32
		{B610DBE1-84E4-45B8-864E-F6E91D95A7E2}.Release|x64.ActiveCfg = Release|x64
		{B610DBE1-84E4-45B8-864E-F6E91D95A7E2}.Release|x64.Build.0 = Release|x64
		{B610DBE1-84E4-45B8-864E-F6E91D95A7E2}.Release|x86.ActiveCfg = Release|Win32
		{B610DBE1-84E4-45B8-864E-F6E91D95A7E2}.Release|x86.Build.0 = Release|Win32
		{F9060EED-EEC0-4DDD-AB63-89EC8EF66006}.Debug|x64.ActiveCfg = Debug|x64
		{F9060EED-EEC0-4DDD-AB63-89EC8EF66006}.Debug|x64.Build.0 = Debug|x64
		{F9060EED-EEC0-4DDD-AB63-89EC8EF66006}.Debug|x86.ActiveCfg = Debug|Win32
		{F9060EED-EEC0-4DDD-AB63-89EC8EF66006}.Debug|x86.Build.0 = Debug|Win32
		{F9060EED-EEC0-4DDD-AB63-89EC8EF66006}.Release|x64.ActiveCfg = Release|x64
		{F9060EED-EEC0-4DDD-AB63-89EC8EF66006}.Release|x64.Build.0 = Release|x64
		{F9060EED-EEC0-4DDD-AB63-89EC8EF66006}.Release|x86.ActiveCfg = Release|Win32
		{F9060EED-EEC0-4DDD-AB63-89EC8EF66006}.Release|x86.Build.0 = Release|Win32
		{6266FA93-039A-45A5-85A4-8F43C7E05FA2}.Debug|x64.ActiveCfg = Debug|x64
		{6266FA93-039A-45A5-85A4-8F43C7E05FA2}.Debug|x64.Build.0 = Debug|x64
		{6266FA93-039A-45A5-85A4-8F43C7E05FA2}.Debug|x86.ActiveCfg = Debug|Win32
		{6266FA93-039A-45A5-85A4-8F43C7E05FA2}.Debug|x86.Build.0 = Debug|Win32
		{6266FA93-039A-45A5-85A4-8F43C7E05FA2}.Release|x64.ActiveCfg = Release|x64
		{6266FA93-039A-45A5-85A4-8F43C7E05FA2}.Release|x64.Build.0 = Release|x64
		{6266FA93-039A-45A5-85A4-8F43C7E05FA2}.Release|x86.ActiveCfg = Release|Win32
		{6266FA93-039A-45A5-85A4-8F43C7E05FA2}.Release|x86.Build.0 = Release|Win32
		{6A4E2794-CB14-47E0-88D2-408A41741EA1}.Debug|x64.ActiveCfg = Debug|x64
		{6A4E2794-CB14-47E0-88D2-408A41741EA1}.Debug|x64.Build.0 = Debug|x64
		{6A4E2794-CB14-47E0-88D2-408A41741EA1}.Debug|x86.ActiveCfg = Debug|Win32
		{6A4E2794-CB14-47E0-88D2-408A41741EA1}.Debug|x86.Build.0 = Debug|Win32
		{6A4E2794-CB14-47E0-88D2-408A41741EA1}.Release|x64.ActiveCfg = Release|x64
		{6A4E2794-CB14-47E0-88D2-408A41741EA1}.Release|x64.Build.0 = Release|x64
		{6A4E2794-CB14-47E0-88D2-408A41741EA1}.Release|x86.ActiveCfg = Release|Win32
		{6A4E2794-CB14-47E0-88D2-408A41741EA1}.Release|x86.Build.0 = Release|Win32
		{F2685559-3735-490F-A947-AC9E6F75FFC1}.Debug|x64.ActiveCfg = Debug|x64
		{F2685559-3735-490F-A947-AC9E6F75FFC1}.Debug|x64.Build.0 = Debug|x64
		{F2685559-3735-490F-A947-AC9E6F75FFC1}.Debug|x86.ActiveCfg = Debug|Win32
		{F2685559-3735-490F-A947-AC9E6F75FFC1}.Debug|x86.Build.0 = Debug|Win32
		{F2685559-3735-490F-A947-AC9E6F75FFC1}.Release|x64.ActiveCfg = Release|x64
		{F2685559-3735-490F-A947-AC9E6F75FFC1}.Release|x64.Build.0 = Release|x64
		{F2685559-3735-490F-A947-AC9E6F75FFC1}.Release|x86.ActiveCfg = Release|Win32
		{F2685559-3735-490F-A947-AC9E6F75FFC1}.Release|x86.Build.0 = Release|Win32
	EndGlobalSection
	GlobalSection(SolutionProperties) = preSolution
		HideSolutionNode = FALSE
	EndGlobalSection
	GlobalSection(ExtensibilityGlobals) = postSolution
		SolutionGuid = {3588C960-9865-4EEA-9283-DBA15E00FE92}
	EndGlobalSection
EndGlobal
